
Microsoft Visual Studio Solution File, Format Version 12.00
# Visual Studio 15
VisualStudioVersion = 15.0.26124.0
MinimumVisualStudioVersion = 15.0.26124.0
Project("{FAE04EC0-301F-11D3-BF4B-00C04F79EFBC}") = "TypedTree.Generator.Core", "TypedTree.Generator.Core\TypedTree.Generator.Core.csproj", "{6C5CE135-4537-4FAA-9AFD-DEEC0C7F20B6}"
EndProject
Project("{FAE04EC0-301F-11D3-BF4B-00C04F79EFBC}") = "TypedTree.Generator.Cli", "TypedTree.Generator.Cli\TypedTree.Generator.Cli.csproj", "{A8BDAF98-3869-46AB-B8C8-AC3C78E1D530}"
EndProject
Project("{FAE04EC0-301F-11D3-BF4B-00C04F79EFBC}") = "TypedTree.Generator.Tests", "TypedTree.Generator.Tests\TypedTree.Generator.Tests.csproj", "{B6D89DE8-0D17-480A-B208-45406A068A0B}"
EndProject
Global
	GlobalSection(SolutionConfigurationPlatforms) = preSolution
		Debug|Any CPU = Debug|Any CPU
		Debug|x64 = Debug|x64
		Debug|x86 = Debug|x86
		Release|Any CPU = Release|Any CPU
		Release|x64 = Release|x64
		Release|x86 = Release|x86
	EndGlobalSection
	GlobalSection(SolutionProperties) = preSolution
		HideSolutionNode = FALSE
	EndGlobalSection
	GlobalSection(ProjectConfigurationPlatforms) = postSolution
		{6C5CE135-4537-4FAA-9AFD-DEEC0C7F20B6}.Debug|Any CPU.ActiveCfg = Debug|Any CPU
		{6C5CE135-4537-4FAA-9AFD-DEEC0C7F20B6}.Debug|Any CPU.Build.0 = Debug|Any CPU
		{6C5CE135-4537-4FAA-9AFD-DEEC0C7F20B6}.Debug|x64.ActiveCfg = Debug|Any CPU
		{6C5CE135-4537-4FAA-9AFD-DEEC0C7F20B6}.Debug|x64.Build.0 = Debug|Any CPU
		{6C5CE135-4537-4FAA-9AFD-DEEC0C7F20B6}.Debug|x86.ActiveCfg = Debug|Any CPU
		{6C5CE135-4537-4FAA-9AFD-DEEC0C7F20B6}.Debug|x86.Build.0 = Debug|Any CPU
		{6C5CE135-4537-4FAA-9AFD-DEEC0C7F20B6}.Release|Any CPU.ActiveCfg = Release|Any CPU
		{6C5CE135-4537-4FAA-9AFD-DEEC0C7F20B6}.Release|Any CPU.Build.0 = Release|Any CPU
		{6C5CE135-4537-4FAA-9AFD-DEEC0C7F20B6}.Release|x64.ActiveCfg = Release|Any CPU
		{6C5CE135-4537-4FAA-9AFD-DEEC0C7F20B6}.Release|x64.Build.0 = Release|Any CPU
		{6C5CE135-4537-4FAA-9AFD-DEEC0C7F20B6}.Release|x86.ActiveCfg = Release|Any CPU
		{6C5CE135-4537-4FAA-9AFD-DEEC0C7F20B6}.Release|x86.Build.0 = Release|Any CPU
		{A8BDAF98-3869-46AB-B8C8-AC3C78E1D530}.Debug|Any CPU.ActiveCfg = Debug|Any CPU
		{A8BDAF98-3869-46AB-B8C8-AC3C78E1D530}.Debug|Any CPU.Build.0 = Debug|Any CPU
		{A8BDAF98-3869-46AB-B8C8-AC3C78E1D530}.Debug|x64.ActiveCfg = Debug|Any CPU
		{A8BDAF98-3869-46AB-B8C8-AC3C78E1D530}.Debug|x64.Build.0 = Debug|Any CPU
		{A8BDAF98-3869-46AB-B8C8-AC3C78E1D530}.Debug|x86.ActiveCfg = Debug|Any CPU
		{A8BDAF98-3869-46AB-B8C8-AC3C78E1D530}.Debug|x86.Build.0 = Debug|Any CPU
		{A8BDAF98-3869-46AB-B8C8-AC3C78E1D530}.Release|Any CPU.ActiveCfg = Release|Any CPU
		{A8BDAF98-3869-46AB-B8C8-AC3C78E1D530}.Release|Any CPU.Build.0 = Release|Any CPU
		{A8BDAF98-3869-46AB-B8C8-AC3C78E1D530}.Release|x64.ActiveCfg = Release|Any CPU
		{A8BDAF98-3869-46AB-B8C8-AC3C78E1D530}.Release|x64.Build.0 = Release|Any CPU
		{A8BDAF98-3869-46AB-B8C8-AC3C78E1D530}.Release|x86.ActiveCfg = Release|Any CPU
		{A8BDAF98-3869-46AB-B8C8-AC3C78E1D530}.Release|x86.Build.0 = Release|Any CPU
		{B6D89DE8-0D17-480A-B208-45406A068A0B}.Debug|Any CPU.ActiveCfg = Debug|Any CPU
		{B6D89DE8-0D17-480A-B208-45406A068A0B}.Debug|Any CPU.Build.0 = Debug|Any CPU
		{B6D89DE8-0D17-480A-B208-45406A068A0B}.Debug|x64.ActiveCfg = Debug|Any CPU
		{B6D89DE8-0D17-480A-B208-45406A068A0B}.Debug|x64.Build.0 = Debug|Any CPU
		{B6D89DE8-0D17-480A-B208-45406A068A0B}.Debug|x86.ActiveCfg = Debug|Any CPU
		{B6D89DE8-0D17-480A-B208-45406A068A0B}.Debug|x86.Build.0 = Debug|Any CPU
		{B6D89DE8-0D17-480A-B208-45406A068A0B}.Release|Any CPU.ActiveCfg = Release|Any CPU
		{B6D89DE8-0D17-480A-B208-45406A068A0B}.Release|Any CPU.Build.0 = Release|Any CPU
		{B6D89DE8-0D17-480A-B208-45406A068A0B}.Release|x64.ActiveCfg = Release|Any CPU
		{B6D89DE8-0D17-480A-B208-45406A068A0B}.Release|x64.Build.0 = Release|Any CPU
		{B6D89DE8-0D17-480A-B208-45406A068A0B}.Release|x86.ActiveCfg = Release|Any CPU
		{B6D89DE8-0D17-480A-B208-45406A068A0B}.Release|x86.Build.0 = Release|Any CPU
	EndGlobalSection
EndGlobal
